
Microsoft Visual Studio Solution File, Format Version 12.00
# Visual Studio 15
VisualStudioVersion = 15.0.28010.2026
MinimumVisualStudioVersion = 10.0.40219.1
Project("{8BC9CEB8-8B4A-11D0-8D11-00A0C91BC942}") = "СhangeArray", "СhangeArray\СhangeArray.vcxproj", "{A7CDB764-F998-4F15-BEAD-F7E2450CF27C}"
EndProject
Project("{8BC9CEB8-8B4A-11D0-8D11-00A0C91BC942}") = "ChangeArray-tests", "..\ChangeArray-tests\ChangeArray-tests\ChangeArray-tests\ChangeArray-tests.vcxproj", "{DD1C7F17-7DC4-4695-8293-FA23F211CBC8}"
EndProject
Global
	GlobalSection(SolutionConfigurationPlatforms) = preSolution
		Debug|x64 = Debug|x64
		Debug|x86 = Debug|x86
		Release|x64 = Release|x64
		Release|x86 = Release|x86
	EndGlobalSection
	GlobalSection(ProjectConfigurationPlatforms) = postSolution
		{A7CDB764-F998-4F15-BEAD-F7E2450CF27C}.Debug|x64.ActiveCfg = Debug|x64
		{A7CDB764-F998-4F15-BEAD-F7E2450CF27C}.Debug|x64.Build.0 = Debug|x64
		{A7CDB764-F998-4F15-BEAD-F7E2450CF27C}.Debug|x86.ActiveCfg = Debug|Win32
		{A7CDB764-F998-4F15-BEAD-F7E2450CF27C}.Debug|x86.Build.0 = Debug|Win32
		{A7CDB764-F998-4F15-BEAD-F7E2450CF27C}.Release|x64.ActiveCfg = Release|x64
		{A7CDB764-F998-4F15-BEAD-F7E2450CF27C}.Release|x64.Build.0 = Release|x64
		{A7CDB764-F998-4F15-BEAD-F7E2450CF27C}.Release|x86.ActiveCfg = Release|Win32
		{A7CDB764-F998-4F15-BEAD-F7E2450CF27C}.Release|x86.Build.0 = Release|Win32
		{DD1C7F17-7DC4-4695-8293-FA23F211CBC8}.Debug|x64.ActiveCfg = Debug|x64
		{DD1C7F17-7DC4-4695-8293-FA23F211CBC8}.Debug|x64.Build.0 = Debug|x64
		{DD1C7F17-7DC4-4695-8293-FA23F211CBC8}.Debug|x86.ActiveCfg = Debug|Win32
		{DD1C7F17-7DC4-4695-8293-FA23F211CBC8}.Debug|x86.Build.0 = Debug|Win32
		{DD1C7F17-7DC4-4695-8293-FA23F211CBC8}.Release|x64.ActiveCfg = Release|x64
		{DD1C7F17-7DC4-4695-8293-FA23F211CBC8}.Release|x64.Build.0 = Release|x64
		{DD1C7F17-7DC4-4695-8293-FA23F211CBC8}.Release|x86.ActiveCfg = Release|Win32
		{DD1C7F17-7DC4-4695-8293-FA23F211CBC8}.Release|x86.Build.0 = Release|Win32
	EndGlobalSection
	GlobalSection(SolutionProperties) = preSolution
		HideSolutionNode = FALSE
	EndGlobalSection
	GlobalSection(ExtensibilityGlobals) = postSolution
		SolutionGuid = {8BA9F368-5927-4E6A-B66B-656457CD72A9}
	EndGlobalSection
EndGlobal
