
Microsoft Visual Studio Solution File, Format Version 12.00
# Visual Studio 15
VisualStudioVersion = 15.0.28010.2026
MinimumVisualStudioVersion = 10.0.40219.1
Project("{8BC9CEB8-8B4A-11D0-8D11-00A0C91BC942}") = "MyStack", "MyStack\MyStack.vcxproj", "{EE8F951E-2878-4661-B3BA-D56658E8BE48}"
EndProject
Project("{8BC9CEB8-8B4A-11D0-8D11-00A0C91BC942}") = "MyStack-tests", "MyStack-tests\MyStack-tests.vcxproj", "{F97EAC18-BD18-45CD-95BA-2E3EEE596A3E}"
EndProject
Global
	GlobalSection(SolutionConfigurationPlatforms) = preSolution
		Debug|x64 = Debug|x64
		Debug|x86 = Debug|x86
		Release|x64 = Release|x64
		Release|x86 = Release|x86
	EndGlobalSection
	GlobalSection(ProjectConfigurationPlatforms) = postSolution
		{EE8F951E-2878-4661-B3BA-D56658E8BE48}.Debug|x64.ActiveCfg = Debug|x64
		{EE8F951E-2878-4661-B3BA-D56658E8BE48}.Debug|x64.Build.0 = Debug|x64
		{EE8F951E-2878-4661-B3BA-D56658E8BE48}.Debug|x86.ActiveCfg = Debug|Win32
		{EE8F951E-2878-4661-B3BA-D56658E8BE48}.Debug|x86.Build.0 = Debug|Win32
		{EE8F951E-2878-4661-B3BA-D56658E8BE48}.Release|x64.ActiveCfg = Release|x64
		{EE8F951E-2878-4661-B3BA-D56658E8BE48}.Release|x64.Build.0 = Release|x64
		{EE8F951E-2878-4661-B3BA-D56658E8BE48}.Release|x86.ActiveCfg = Release|Win32
		{EE8F951E-2878-4661-B3BA-D56658E8BE48}.Release|x86.Build.0 = Release|Win32
		{F97EAC18-BD18-45CD-95BA-2E3EEE596A3E}.Debug|x64.ActiveCfg = Debug|x64
		{F97EAC18-BD18-45CD-95BA-2E3EEE596A3E}.Debug|x64.Build.0 = Debug|x64
		{F97EAC18-BD18-45CD-95BA-2E3EEE596A3E}.Debug|x86.ActiveCfg = Debug|Win32
		{F97EAC18-BD18-45CD-95BA-2E3EEE596A3E}.Debug|x86.Build.0 = Debug|Win32
		{F97EAC18-BD18-45CD-95BA-2E3EEE596A3E}.Release|x64.ActiveCfg = Release|x64
		{F97EAC18-BD18-45CD-95BA-2E3EEE596A3E}.Release|x64.Build.0 = Release|x64
		{F97EAC18-BD18-45CD-95BA-2E3EEE596A3E}.Release|x86.ActiveCfg = Release|Win32
		{F97EAC18-BD18-45CD-95BA-2E3EEE596A3E}.Release|x86.Build.0 = Release|Win32
	EndGlobalSection
	GlobalSection(SolutionProperties) = preSolution
		HideSolutionNode = FALSE
	EndGlobalSection
	GlobalSection(ExtensibilityGlobals) = postSolution
		SolutionGuid = {2C529EB7-B66E-4A5D-A304-9C77C42859DF}
	EndGlobalSection
EndGlobal
